// !$*UTF8*$!
{
	archiveVersion = 1;
	classes = {
	};
	objectVersion = 56;
	objects = {

/* Begin PBXBuildFile section */
		F364810D29D2071F0051C7FD /* SWRevealViewController.m in Sources */ = {isa = PBXBuildFile; fileRef = F364810C29D2071F0051C7FD /* SWRevealViewController.m */; };
		F364811729D207440051C7FD /* sidemenu.png in Resources */ = {isa = PBXBuildFile; fileRef = F364810E29D207440051C7FD /* sidemenu.png */; };
		F364811829D207440051C7FD /* icon04.png in Resources */ = {isa = PBXBuildFile; fileRef = F364810F29D207440051C7FD /* icon04.png */; };
		F364811929D207440051C7FD /* icon03.png in Resources */ = {isa = PBXBuildFile; fileRef = F364811029D207440051C7FD /* icon03.png */; };
		F364811A29D207440051C7FD /* icon02.png in Resources */ = {isa = PBXBuildFile; fileRef = F364811129D207440051C7FD /* icon02.png */; };
		F364811B29D207440051C7FD /* icon01.png in Resources */ = {isa = PBXBuildFile; fileRef = F364811229D207440051C7FD /* icon01.png */; };
		F364811C29D207440051C7FD /* profile-bg.png in Resources */ = {isa = PBXBuildFile; fileRef = F364811329D207440051C7FD /* profile-bg.png */; };
		F364811D29D207440051C7FD /* icon05.png in Resources */ = {isa = PBXBuildFile; fileRef = F364811429D207440051C7FD /* icon05.png */; };
		F364811E29D207440051C7FD /* icon06.png in Resources */ = {isa = PBXBuildFile; fileRef = F364811529D207440051C7FD /* icon06.png */; };
		F364811F29D207440051C7FD /* account@2x.jpg in Resources */ = {isa = PBXBuildFile; fileRef = F364811629D207440051C7FD /* account@2x.jpg */; };
		F364812129D20A100051C7FD /* SideBarVC.swift in Sources */ = {isa = PBXBuildFile; fileRef = F364812029D20A100051C7FD /* SideBarVC.swift */; };
		F364812329D2102D0051C7FD /* ProfileVC.swift in Sources */ = {isa = PBXBuildFile; fileRef = F364812229D2102D0051C7FD /* ProfileVC.swift */; };
		F3874C1C29D9C901003F3430 /* UserInfoManager.swift in Sources */ = {isa = PBXBuildFile; fileRef = F3874C1B29D9C901003F3430 /* UserInfoManager.swift */; };
		F3874C1E29D9F133003F3430 /* Tutorial.storyboard in Resources */ = {isa = PBXBuildFile; fileRef = F3874C1D29D9F133003F3430 /* Tutorial.storyboard */; };
		F3874C2029D9F4BA003F3430 /* Utils.swift in Sources */ = {isa = PBXBuildFile; fileRef = F3874C1F29D9F4BA003F3430 /* Utils.swift */; };
		F38E520E29C48FD200ACB05C /* AppDelegate.swift in Sources */ = {isa = PBXBuildFile; fileRef = F38E520D29C48FD200ACB05C /* AppDelegate.swift */; };
		F38E521029C48FD200ACB05C /* SceneDelegate.swift in Sources */ = {isa = PBXBuildFile; fileRef = F38E520F29C48FD200ACB05C /* SceneDelegate.swift */; };
		F38E521529C48FD200ACB05C /* Main.storyboard in Resources */ = {isa = PBXBuildFile; fileRef = F38E521329C48FD200ACB05C /* Main.storyboard */; };
		F38E521829C48FD200ACB05C /* MyMemory.xcdatamodeld in Sources */ = {isa = PBXBuildFile; fileRef = F38E521629C48FD200ACB05C /* MyMemory.xcdatamodeld */; };
		F38E521A29C48FD300ACB05C /* Assets.xcassets in Resources */ = {isa = PBXBuildFile; fileRef = F38E521929C48FD300ACB05C /* Assets.xcassets */; };
		F38E521D29C48FD300ACB05C /* LaunchScreen.storyboard in Resources */ = {isa = PBXBuildFile; fileRef = F38E521B29C48FD300ACB05C /* LaunchScreen.storyboard */; };
		F38E522529C4A2B200ACB05C /* MemoListVC.swift in Sources */ = {isa = PBXBuildFile; fileRef = F38E522429C4A2B200ACB05C /* MemoListVC.swift */; };
		F38E522B29C4A73E00ACB05C /* MemoFormVC.swift in Sources */ = {isa = PBXBuildFile; fileRef = F38E522A29C4A73E00ACB05C /* MemoFormVC.swift */; };
		F38E522D29C4A74F00ACB05C /* MemoReadVC.swift in Sources */ = {isa = PBXBuildFile; fileRef = F38E522C29C4A74F00ACB05C /* MemoReadVC.swift */; };
		F38E522F29C4A84700ACB05C /* MemoCell.swift in Sources */ = {isa = PBXBuildFile; fileRef = F38E522E29C4A84700ACB05C /* MemoCell.swift */; };
		F38E523129C4A8A400ACB05C /* MemoData.swift in Sources */ = {isa = PBXBuildFile; fileRef = F38E523029C4A8A400ACB05C /* MemoData.swift */; };
		F3E4096729CCC3A100D3DDB5 /* CSLogButton.swift in Sources */ = {isa = PBXBuildFile; fileRef = F3E4096629CCC3A100D3DDB5 /* CSLogButton.swift */; };
		F3E4096C29CCC46400D3DDB5 /* fountainpen@2x.png in Resources */ = {isa = PBXBuildFile; fileRef = F3E4096829CCC46400D3DDB5 /* fountainpen@2x.png */; };
		F3E4096D29CCC46400D3DDB5 /* warning-icon-60@2x.png in Resources */ = {isa = PBXBuildFile; fileRef = F3E4096929CCC46400D3DDB5 /* warning-icon-60@2x.png */; };
		F3E4096E29CCC46400D3DDB5 /* button-bg.png in Resources */ = {isa = PBXBuildFile; fileRef = F3E4096A29CCC46400D3DDB5 /* button-bg.png */; };
		F3E4096F29CCC46400D3DDB5 /* memo-background@2x.png in Resources */ = {isa = PBXBuildFile; fileRef = F3E4096B29CCC46400D3DDB5 /* memo-background@2x.png */; };
/* End PBXBuildFile section */

/* Begin PBXFileReference section */
		F364810A29D2071F0051C7FD /* MyMemory-Bridging-Header.h */ = {isa = PBXFileReference; lastKnownFileType = sourcecode.c.h; path = "MyMemory-Bridging-Header.h"; sourceTree = "<group>"; };
		F364810B29D2071F0051C7FD /* SWRevealViewController.h */ = {isa = PBXFileReference; fileEncoding = 4; lastKnownFileType = sourcecode.c.h; path = SWRevealViewController.h; sourceTree = "<group>"; };
		F364810C29D2071F0051C7FD /* SWRevealViewController.m */ = {isa = PBXFileReference; fileEncoding = 4; lastKnownFileType = sourcecode.c.objc; path = SWRevealViewController.m; sourceTree = "<group>"; };
		F364810E29D207440051C7FD /* sidemenu.png */ = {isa = PBXFileReference; lastKnownFileType = image.png; path = sidemenu.png; sourceTree = "<group>"; };
		F364810F29D207440051C7FD /* icon04.png */ = {isa = PBXFileReference; lastKnownFileType = image.png; path = icon04.png; sourceTree = "<group>"; };
		F364811029D207440051C7FD /* icon03.png */ = {isa = PBXFileReference; lastKnownFileType = image.png; path = icon03.png; sourceTree = "<group>"; };
		F364811129D207440051C7FD /* icon02.png */ = {isa = PBXFileReference; lastKnownFileType = image.png; path = icon02.png; sourceTree = "<group>"; };
		F364811229D207440051C7FD /* icon01.png */ = {isa = PBXFileReference; lastKnownFileType = image.png; path = icon01.png; sourceTree = "<group>"; };
		F364811329D207440051C7FD /* profile-bg.png */ = {isa = PBXFileReference; lastKnownFileType = image.png; path = "profile-bg.png"; sourceTree = "<group>"; };
		F364811429D207440051C7FD /* icon05.png */ = {isa = PBXFileReference; lastKnownFileType = image.png; path = icon05.png; sourceTree = "<group>"; };
		F364811529D207440051C7FD /* icon06.png */ = {isa = PBXFileReference; lastKnownFileType = image.png; path = icon06.png; sourceTree = "<group>"; };
		F364811629D207440051C7FD /* account@2x.jpg */ = {isa = PBXFileReference; lastKnownFileType = image.jpeg; path = "account@2x.jpg"; sourceTree = "<group>"; };
		F364812029D20A100051C7FD /* SideBarVC.swift */ = {isa = PBXFileReference; lastKnownFileType = sourcecode.swift; path = SideBarVC.swift; sourceTree = "<group>"; };
		F364812229D2102D0051C7FD /* ProfileVC.swift */ = {isa = PBXFileReference; lastKnownFileType = sourcecode.swift; path = ProfileVC.swift; sourceTree = "<group>"; };
		F3874C1B29D9C901003F3430 /* UserInfoManager.swift */ = {isa = PBXFileReference; lastKnownFileType = sourcecode.swift; path = UserInfoManager.swift; sourceTree = "<group>"; };
		F3874C1D29D9F133003F3430 /* Tutorial.storyboard */ = {isa = PBXFileReference; lastKnownFileType = file.storyboard; path = Tutorial.storyboard; sourceTree = "<group>"; };
		F3874C1F29D9F4BA003F3430 /* Utils.swift */ = {isa = PBXFileReference; lastKnownFileType = sourcecode.swift; path = Utils.swift; sourceTree = "<group>"; };
		F38E520A29C48FD200ACB05C /* MyMemory.app */ = {isa = PBXFileReference; explicitFileType = wrapper.application; includeInIndex = 0; path = MyMemory.app; sourceTree = BUILT_PRODUCTS_DIR; };
		F38E520D29C48FD200ACB05C /* AppDelegate.swift */ = {isa = PBXFileReference; lastKnownFileType = sourcecode.swift; path = AppDelegate.swift; sourceTree = "<group>"; };
		F38E520F29C48FD200ACB05C /* SceneDelegate.swift */ = {isa = PBXFileReference; lastKnownFileType = sourcecode.swift; path = SceneDelegate.swift; sourceTree = "<group>"; };
		F38E521429C48FD200ACB05C /* Base */ = {isa = PBXFileReference; lastKnownFileType = file.storyboard; name = Base; path = Base.lproj/Main.storyboard; sourceTree = "<group>"; };
		F38E521729C48FD200ACB05C /* MyMemory.xcdatamodel */ = {isa = PBXFileReference; lastKnownFileType = wrapper.xcdatamodel; path = MyMemory.xcdatamodel; sourceTree = "<group>"; };
		F38E521929C48FD300ACB05C /* Assets.xcassets */ = {isa = PBXFileReference; lastKnownFileType = folder.assetcatalog; path = Assets.xcassets; sourceTree = "<group>"; };
		F38E521C29C48FD300ACB05C /* Base */ = {isa = PBXFileReference; lastKnownFileType = file.storyboard; name = Base; path = Base.lproj/LaunchScreen.storyboard; sourceTree = "<group>"; };
		F38E521E29C48FD300ACB05C /* Info.plist */ = {isa = PBXFileReference; lastKnownFileType = text.plist.xml; path = Info.plist; sourceTree = "<group>"; };
		F38E522429C4A2B200ACB05C /* MemoListVC.swift */ = {isa = PBXFileReference; lastKnownFileType = sourcecode.swift; path = MemoListVC.swift; sourceTree = "<group>"; };
		F38E522A29C4A73E00ACB05C /* MemoFormVC.swift */ = {isa = PBXFileReference; lastKnownFileType = sourcecode.swift; path = MemoFormVC.swift; sourceTree = "<group>"; };
		F38E522C29C4A74F00ACB05C /* MemoReadVC.swift */ = {isa = PBXFileReference; lastKnownFileType = sourcecode.swift; path = MemoReadVC.swift; sourceTree = "<group>"; };
		F38E522E29C4A84700ACB05C /* MemoCell.swift */ = {isa = PBXFileReference; lastKnownFileType = sourcecode.swift; path = MemoCell.swift; sourceTree = "<group>"; };
		F38E523029C4A8A400ACB05C /* MemoData.swift */ = {isa = PBXFileReference; lastKnownFileType = sourcecode.swift; path = MemoData.swift; sourceTree = "<group>"; };
		F3E4096629CCC3A100D3DDB5 /* CSLogButton.swift */ = {isa = PBXFileReference; lastKnownFileType = sourcecode.swift; path = CSLogButton.swift; sourceTree = "<group>"; };
		F3E4096829CCC46400D3DDB5 /* fountainpen@2x.png */ = {isa = PBXFileReference; lastKnownFileType = image.png; path = "fountainpen@2x.png"; sourceTree = "<group>"; };
		F3E4096929CCC46400D3DDB5 /* warning-icon-60@2x.png */ = {isa = PBXFileReference; lastKnownFileType = image.png; path = "warning-icon-60@2x.png"; sourceTree = "<group>"; };
		F3E4096A29CCC46400D3DDB5 /* button-bg.png */ = {isa = PBXFileReference; lastKnownFileType = image.png; path = "button-bg.png"; sourceTree = "<group>"; };
		F3E4096B29CCC46400D3DDB5 /* memo-background@2x.png */ = {isa = PBXFileReference; lastKnownFileType = image.png; path = "memo-background@2x.png"; sourceTree = "<group>"; };
/* End PBXFileReference section */

/* Begin PBXFrameworksBuildPhase section */
		F38E520729C48FD200ACB05C /* Frameworks */ = {
			isa = PBXFrameworksBuildPhase;
			buildActionMask = 2147483647;
			files = (
			);
			runOnlyForDeploymentPostprocessing = 0;
		};
/* End PBXFrameworksBuildPhase section */

/* Begin PBXGroup section */
		F38E520129C48FD200ACB05C = {
			isa = PBXGroup;
			children = (
				F3EE242B29C6241A002BA58C /* Resources */,
				F38E520C29C48FD200ACB05C /* MyMemory */,
				F38E520B29C48FD200ACB05C /* Products */,
			);
			sourceTree = "<group>";
		};
		F38E520B29C48FD200ACB05C /* Products */ = {
			isa = PBXGroup;
			children = (
				F38E520A29C48FD200ACB05C /* MyMemory.app */,
			);
			name = Products;
			sourceTree = "<group>";
		};
		F38E520C29C48FD200ACB05C /* MyMemory */ = {
			isa = PBXGroup;
			children = (
				F38E520D29C48FD200ACB05C /* AppDelegate.swift */,
				F38E520F29C48FD200ACB05C /* SceneDelegate.swift */,
				F38E521329C48FD200ACB05C /* Main.storyboard */,
				F38E521929C48FD300ACB05C /* Assets.xcassets */,
				F38E521B29C48FD300ACB05C /* LaunchScreen.storyboard */,
				F38E521E29C48FD300ACB05C /* Info.plist */,
				F38E521629C48FD200ACB05C /* MyMemory.xcdatamodeld */,
				F38E522429C4A2B200ACB05C /* MemoListVC.swift */,
				F38E522A29C4A73E00ACB05C /* MemoFormVC.swift */,
				F38E522C29C4A74F00ACB05C /* MemoReadVC.swift */,
				F38E522E29C4A84700ACB05C /* MemoCell.swift */,
				F38E523029C4A8A400ACB05C /* MemoData.swift */,
				F3E4096629CCC3A100D3DDB5 /* CSLogButton.swift */,
				F364810B29D2071F0051C7FD /* SWRevealViewController.h */,
				F364810C29D2071F0051C7FD /* SWRevealViewController.m */,
				F364810A29D2071F0051C7FD /* MyMemory-Bridging-Header.h */,
				F364812029D20A100051C7FD /* SideBarVC.swift */,
				F364812229D2102D0051C7FD /* ProfileVC.swift */,
				F3874C1B29D9C901003F3430 /* UserInfoManager.swift */,
				F3874C1D29D9F133003F3430 /* Tutorial.storyboard */,
				F3874C1F29D9F4BA003F3430 /* Utils.swift */,
			);
			path = MyMemory;
			sourceTree = "<group>";
		};
		F3EE242B29C6241A002BA58C /* Resources */ = {
			isa = PBXGroup;
			children = (
				F364811629D207440051C7FD /* account@2x.jpg */,
				F364811229D207440051C7FD /* icon01.png */,
				F364811129D207440051C7FD /* icon02.png */,
				F364811029D207440051C7FD /* icon03.png */,
				F364810F29D207440051C7FD /* icon04.png */,
				F364811429D207440051C7FD /* icon05.png */,
				F364811529D207440051C7FD /* icon06.png */,
				F364811329D207440051C7FD /* profile-bg.png */,
				F364810E29D207440051C7FD /* sidemenu.png */,
				F3E4096A29CCC46400D3DDB5 /* button-bg.png */,
				F3E4096829CCC46400D3DDB5 /* fountainpen@2x.png */,
				F3E4096B29CCC46400D3DDB5 /* memo-background@2x.png */,
				F3E4096929CCC46400D3DDB5 /* warning-icon-60@2x.png */,
			);
			path = Resources;
			sourceTree = "<group>";
		};
/* End PBXGroup section */

/* Begin PBXNativeTarget section */
		F38E520929C48FD200ACB05C /* MyMemory */ = {
			isa = PBXNativeTarget;
			buildConfigurationList = F38E522129C48FD300ACB05C /* Build configuration list for PBXNativeTarget "MyMemory" */;
			buildPhases = (
				F38E520629C48FD200ACB05C /* Sources */,
				F38E520729C48FD200ACB05C /* Frameworks */,
				F38E520829C48FD200ACB05C /* Resources */,
			);
			buildRules = (
			);
			dependencies = (
			);
			name = MyMemory;
			productName = MyMemory;
			productReference = F38E520A29C48FD200ACB05C /* MyMemory.app */;
			productType = "com.apple.product-type.application";
		};
/* End PBXNativeTarget section */

/* Begin PBXProject section */
		F38E520229C48FD200ACB05C /* Project object */ = {
			isa = PBXProject;
			attributes = {
				BuildIndependentTargetsInParallel = 1;
				LastSwiftUpdateCheck = 1420;
				LastUpgradeCheck = 1420;
				TargetAttributes = {
					F38E520929C48FD200ACB05C = {
						CreatedOnToolsVersion = 14.2;
						LastSwiftMigration = 1420;
					};
				};
			};
			buildConfigurationList = F38E520529C48FD200ACB05C /* Build configuration list for PBXProject "MyMemory" */;
			compatibilityVersion = "Xcode 14.0";
			developmentRegion = en;
			hasScannedForEncodings = 0;
			knownRegions = (
				en,
				Base,
			);
			mainGroup = F38E520129C48FD200ACB05C;
			productRefGroup = F38E520B29C48FD200ACB05C /* Products */;
			projectDirPath = "";
			projectRoot = "";
			targets = (
				F38E520929C48FD200ACB05C /* MyMemory */,
			);
		};
/* End PBXProject section */

/* Begin PBXResourcesBuildPhase section */
		F38E520829C48FD200ACB05C /* Resources */ = {
			isa = PBXResourcesBuildPhase;
			buildActionMask = 2147483647;
			files = (
				F38E521D29C48FD300ACB05C /* LaunchScreen.storyboard in Resources */,
				F364811C29D207440051C7FD /* profile-bg.png in Resources */,
				F364811729D207440051C7FD /* sidemenu.png in Resources */,
				F38E521A29C48FD300ACB05C /* Assets.xcassets in Resources */,
				F364811F29D207440051C7FD /* account@2x.jpg in Resources */,
				F3E4096C29CCC46400D3DDB5 /* fountainpen@2x.png in Resources */,
				F3E4096E29CCC46400D3DDB5 /* button-bg.png in Resources */,
				F364811829D207440051C7FD /* icon04.png in Resources */,
				F364811D29D207440051C7FD /* icon05.png in Resources */,
				F3E4096D29CCC46400D3DDB5 /* warning-icon-60@2x.png in Resources */,
				F364811E29D207440051C7FD /* icon06.png in Resources */,
				F3874C1E29D9F133003F3430 /* Tutorial.storyboard in Resources */,
				F364811A29D207440051C7FD /* icon02.png in Resources */,
				F3E4096F29CCC46400D3DDB5 /* memo-background@2x.png in Resources */,
				F38E521529C48FD200ACB05C /* Main.storyboard in Resources */,
				F364811929D207440051C7FD /* icon03.png in Resources */,
				F364811B29D207440051C7FD /* icon01.png in Resources */,
			);
			runOnlyForDeploymentPostprocessing = 0;
		};
/* End PBXResourcesBuildPhase section */

/* Begin PBXSourcesBuildPhase section */
		F38E520629C48FD200ACB05C /* Sources */ = {
			isa = PBXSourcesBuildPhase;
			buildActionMask = 2147483647;
			files = (
				F364812329D2102D0051C7FD /* ProfileVC.swift in Sources */,
				F3E4096729CCC3A100D3DDB5 /* CSLogButton.swift in Sources */,
				F364812129D20A100051C7FD /* SideBarVC.swift in Sources */,
				F3874C2029D9F4BA003F3430 /* Utils.swift in Sources */,
				F38E522F29C4A84700ACB05C /* MemoCell.swift in Sources */,
				F38E523129C4A8A400ACB05C /* MemoData.swift in Sources */,
				F38E521829C48FD200ACB05C /* MyMemory.xcdatamodeld in Sources */,
				F38E522B29C4A73E00ACB05C /* MemoFormVC.swift in Sources */,
				F38E522D29C4A74F00ACB05C /* MemoReadVC.swift in Sources */,
				F38E520E29C48FD200ACB05C /* AppDelegate.swift in Sources */,
				F364810D29D2071F0051C7FD /* SWRevealViewController.m in Sources */,
				F38E522529C4A2B200ACB05C /* MemoListVC.swift in Sources */,
				F3874C1C29D9C901003F3430 /* UserInfoManager.swift in Sources */,
				F38E521029C48FD200ACB05C /* SceneDelegate.swift in Sources */,
			);
			runOnlyForDeploymentPostprocessing = 0;
		};
/* End PBXSourcesBuildPhase section */

/* Begin PBXVariantGroup section */
		F38E521329C48FD200ACB05C /* Main.storyboard */ = {
			isa = PBXVariantGroup;
			children = (
				F38E521429C48FD200ACB05C /* Base */,
			);
			name = Main.storyboard;
			sourceTree = "<group>";
		};
		F38E521B29C48FD300ACB05C /* LaunchScreen.storyboard */ = {
			isa = PBXVariantGroup;
			children = (
				F38E521C29C48FD300ACB05C /* Base */,
			);
			name = LaunchScreen.storyboard;
			sourceTree = "<group>";
		};
/* End PBXVariantGroup section */

/* Begin XCBuildConfiguration section */
		F38E521F29C48FD300ACB05C /* Debug */ = {
			isa = XCBuildConfiguration;
			buildSettings = {
				ALWAYS_SEARCH_USER_PATHS = NO;
				CLANG_ANALYZER_NONNULL = YES;
				CLANG_ANALYZER_NUMBER_OBJECT_CONVERSION = YES_AGGRESSIVE;
				CLANG_CXX_LANGUAGE_STANDARD = "gnu++20";
				CLANG_ENABLE_MODULES = YES;
				CLANG_ENABLE_OBJC_ARC = YES;
				CLANG_ENABLE_OBJC_WEAK = YES;
				CLANG_WARN_BLOCK_CAPTURE_AUTORELEASING = YES;
				CLANG_WARN_BOOL_CONVERSION = YES;
				CLANG_WARN_COMMA = YES;
				CLANG_WARN_CONSTANT_CONVERSION = YES;
				CLANG_WARN_DEPRECATED_OBJC_IMPLEMENTATIONS = YES;
				CLANG_WARN_DIRECT_OBJC_ISA_USAGE = YES_ERROR;
				CLANG_WARN_DOCUMENTATION_COMMENTS = YES;
				CLANG_WARN_EMPTY_BODY = YES;
				CLANG_WARN_ENUM_CONVERSION = YES;
				CLANG_WARN_INFINITE_RECURSION = YES;
				CLANG_WARN_INT_CONVERSION = YES;
				CLANG_WARN_NON_LITERAL_NULL_CONVERSION = YES;
				CLANG_WARN_OBJC_IMPLICIT_RETAIN_SELF = YES;
				CLANG_WARN_OBJC_LITERAL_CONVERSION = YES;
				CLANG_WARN_OBJC_ROOT_CLASS = YES_ERROR;
				CLANG_WARN_QUOTED_INCLUDE_IN_FRAMEWORK_HEADER = YES;
				CLANG_WARN_RANGE_LOOP_ANALYSIS = YES;
				CLANG_WARN_STRICT_PROTOTYPES = YES;
				CLANG_WARN_SUSPICIOUS_MOVE = YES;
				CLANG_WARN_UNGUARDED_AVAILABILITY = YES_AGGRESSIVE;
				CLANG_WARN_UNREACHABLE_CODE = YES;
				CLANG_WARN__DUPLICATE_METHOD_MATCH = YES;
				COPY_PHASE_STRIP = NO;
				DEBUG_INFORMATION_FORMAT = dwarf;
				ENABLE_STRICT_OBJC_MSGSEND = YES;
				ENABLE_TESTABILITY = YES;
				GCC_C_LANGUAGE_STANDARD = gnu11;
				GCC_DYNAMIC_NO_PIC = NO;
				GCC_NO_COMMON_BLOCKS = YES;
				GCC_OPTIMIZATION_LEVEL = 0;
				GCC_PREPROCESSOR_DEFINITIONS = (
					"DEBUG=1",
					"$(inherited)",
				);
				GCC_WARN_64_TO_32_BIT_CONVERSION = YES;
				GCC_WARN_ABOUT_RETURN_TYPE = YES_ERROR;
				GCC_WARN_UNDECLARED_SELECTOR = YES;
				GCC_WARN_UNINITIALIZED_AUTOS = YES_AGGRESSIVE;
				GCC_WARN_UNUSED_FUNCTION = YES;
				GCC_WARN_UNUSED_VARIABLE = YES;
				IPHONEOS_DEPLOYMENT_TARGET = 16.2;
				MTL_ENABLE_DEBUG_INFO = INCLUDE_SOURCE;
				MTL_FAST_MATH = YES;
				ONLY_ACTIVE_ARCH = YES;
				SDKROOT = iphoneos;
				SWIFT_ACTIVE_COMPILATION_CONDITIONS = DEBUG;
				SWIFT_OPTIMIZATION_LEVEL = "-Onone";
			};
			name = Debug;
		};
		F38E522029C48FD300ACB05C /* Release */ = {
			isa = XCBuildConfiguration;
			buildSettings = {
				ALWAYS_SEARCH_USER_PATHS = NO;
				CLANG_ANALYZER_NONNULL = YES;
				CLANG_ANALYZER_NUMBER_OBJECT_CONVERSION = YES_AGGRESSIVE;
				CLANG_CXX_LANGUAGE_STANDARD = "gnu++20";
				CLANG_ENABLE_MODULES = YES;
				CLANG_ENABLE_OBJC_ARC = YES;
				CLANG_ENABLE_OBJC_WEAK = YES;
				CLANG_WARN_BLOCK_CAPTURE_AUTORELEASING = YES;
				CLANG_WARN_BOOL_CONVERSION = YES;
				CLANG_WARN_COMMA = YES;
				CLANG_WARN_CONSTANT_CONVERSION = YES;
				CLANG_WARN_DEPRECATED_OBJC_IMPLEMENTATIONS = YES;
				CLANG_WARN_DIRECT_OBJC_ISA_USAGE = YES_ERROR;
				CLANG_WARN_DOCUMENTATION_COMMENTS = YES;
				CLANG_WARN_EMPTY_BODY = YES;
				CLANG_WARN_ENUM_CONVERSION = YES;
				CLANG_WARN_INFINITE_RECURSION = YES;
				CLANG_WARN_INT_CONVERSION = YES;
				CLANG_WARN_NON_LITERAL_NULL_CONVERSION = YES;
				CLANG_WARN_OBJC_IMPLICIT_RETAIN_SELF = YES;
				CLANG_WARN_OBJC_LITERAL_CONVERSION = YES;
				CLANG_WARN_OBJC_ROOT_CLASS = YES_ERROR;
				CLANG_WARN_QUOTED_INCLUDE_IN_FRAMEWORK_HEADER = YES;
				CLANG_WARN_RANGE_LOOP_ANALYSIS = YES;
				CLANG_WARN_STRICT_PROTOTYPES = YES;
				CLANG_WARN_SUSPICIOUS_MOVE = YES;
				CLANG_WARN_UNGUARDED_AVAILABILITY = YES_AGGRESSIVE;
				CLANG_WARN_UNREACHABLE_CODE = YES;
				CLANG_WARN__DUPLICATE_METHOD_MATCH = YES;
				COPY_PHASE_STRIP = NO;
				DEBUG_INFORMATION_FORMAT = "dwarf-with-dsym";
				ENABLE_NS_ASSERTIONS = NO;
				ENABLE_STRICT_OBJC_MSGSEND = YES;
				GCC_C_LANGUAGE_STANDARD = gnu11;
				GCC_NO_COMMON_BLOCKS = YES;
				GCC_WARN_64_TO_32_BIT_CONVERSION = YES;
				GCC_WARN_ABOUT_RETURN_TYPE = YES_ERROR;
				GCC_WARN_UNDECLARED_SELECTOR = YES;
				GCC_WARN_UNINITIALIZED_AUTOS = YES_AGGRESSIVE;
				GCC_WARN_UNUSED_FUNCTION = YES;
				GCC_WARN_UNUSED_VARIABLE = YES;
				IPHONEOS_DEPLOYMENT_TARGET = 16.2;
				MTL_ENABLE_DEBUG_INFO = NO;
				MTL_FAST_MATH = YES;
				SDKROOT = iphoneos;
				SWIFT_COMPILATION_MODE = wholemodule;
				SWIFT_OPTIMIZATION_LEVEL = "-O";
				VALIDATE_PRODUCT = YES;
			};
			name = Release;
		};
		F38E522229C48FD300ACB05C /* Debug */ = {
			isa = XCBuildConfiguration;
			buildSettings = {
				ASSETCATALOG_COMPILER_APPICON_NAME = AppIcon;
				ASSETCATALOG_COMPILER_GLOBAL_ACCENT_COLOR_NAME = AccentColor;
				CLANG_ENABLE_MODULES = YES;
				CODE_SIGN_STYLE = Automatic;
				CURRENT_PROJECT_VERSION = 1;
				DEVELOPMENT_TEAM = 8FBW424TX4;
				GENERATE_INFOPLIST_FILE = YES;
				INFOPLIST_FILE = MyMemory/Info.plist;
				INFOPLIST_KEY_CFBundleDisplayName = "페이퍼-잇";
				INFOPLIST_KEY_NSCameraUsageDescription = "";
				INFOPLIST_KEY_NSPhotoLibraryUsageDescription = "";
				INFOPLIST_KEY_UIApplicationSupportsIndirectInputEvents = YES;
				INFOPLIST_KEY_UILaunchStoryboardName = LaunchScreen.storyboard;
				INFOPLIST_KEY_UIMainStoryboardFile = Main;
				INFOPLIST_KEY_UISupportedInterfaceOrientations = UIInterfaceOrientationPortrait;
				LD_RUNPATH_SEARCH_PATHS = (
					"$(inherited)",
					"@executable_path/Frameworks",
				);
				MARKETING_VERSION = 1.0;
				PRODUCT_BUNDLE_IDENTIFIER = com.nakyung.MyMemory;
				PRODUCT_NAME = "$(TARGET_NAME)";
				SWIFT_EMIT_LOC_STRINGS = YES;
				SWIFT_OBJC_BRIDGING_HEADER = "MyMemory/MyMemory-Bridging-Header.h";
				SWIFT_OPTIMIZATION_LEVEL = "-Onone";
				SWIFT_VERSION = 5.0;
				TARGETED_DEVICE_FAMILY = "1,2";
			};
			name = Debug;
		};
		F38E522329C48FD300ACB05C /* Release */ = {
			isa = XCBuildConfiguration;
			buildSettings = {
				ASSETCATALOG_COMPILER_APPICON_NAME = AppIcon;
				ASSETCATALOG_COMPILER_GLOBAL_ACCENT_COLOR_NAME = AccentColor;
				CLANG_ENABLE_MODULES = YES;
				CODE_SIGN_STYLE = Automatic;
				CURRENT_PROJECT_VERSION = 1;
				DEVELOPMENT_TEAM = 8FBW424TX4;
				GENERATE_INFOPLIST_FILE = YES;
				INFOPLIST_FILE = MyMemory/Info.plist;
				INFOPLIST_KEY_CFBundleDisplayName = "페이퍼-잇";
				INFOPLIST_KEY_NSCameraUsageDescription = "";
				INFOPLIST_KEY_NSPhotoLibraryUsageDescription = "";
				INFOPLIST_KEY_UIApplicationSupportsIndirectInputEvents = YES;
				INFOPLIST_KEY_UILaunchStoryboardName = LaunchScreen.storyboard;
				INFOPLIST_KEY_UIMainStoryboardFile = Main;
				INFOPLIST_KEY_UISupportedInterfaceOrientations = UIInterfaceOrientationPortrait;
				LD_RUNPATH_SEARCH_PATHS = (
					"$(inherited)",
					"@executable_path/Frameworks",
				);
				MARKETING_VERSION = 1.0;
				PRODUCT_BUNDLE_IDENTIFIER = com.nakyung.MyMemory;
				PRODUCT_NAME = "$(TARGET_NAME)";
				SWIFT_EMIT_LOC_STRINGS = YES;
				SWIFT_OBJC_BRIDGING_HEADER = "MyMemory/MyMemory-Bridging-Header.h";
				SWIFT_VERSION = 5.0;
				TARGETED_DEVICE_FAMILY = "1,2";
			};
			name = Release;
		};
/* End XCBuildConfiguration section */

/* Begin XCConfigurationList section */
		F38E520529C48FD200ACB05C /* Build configuration list for PBXProject "MyMemory" */ = {
			isa = XCConfigurationList;
			buildConfigurations = (
				F38E521F29C48FD300ACB05C /* Debug */,
				F38E522029C48FD300ACB05C /* Release */,
			);
			defaultConfigurationIsVisible = 0;
			defaultConfigurationName = Release;
		};
		F38E522129C48FD300ACB05C /* Build configuration list for PBXNativeTarget "MyMemory" */ = {
			isa = XCConfigurationList;
			buildConfigurations = (
				F38E522229C48FD300ACB05C /* Debug */,
				F38E522329C48FD300ACB05C /* Release */,
			);
			defaultConfigurationIsVisible = 0;
			defaultConfigurationName = Release;
		};
/* End XCConfigurationList section */

/* Begin XCVersionGroup section */
		F38E521629C48FD200ACB05C /* MyMemory.xcdatamodeld */ = {
			isa = XCVersionGroup;
			children = (
				F38E521729C48FD200ACB05C /* MyMemory.xcdatamodel */,
			);
			currentVersion = F38E521729C48FD200ACB05C /* MyMemory.xcdatamodel */;
			path = MyMemory.xcdatamodeld;
			sourceTree = "<group>";
			versionGroupType = wrapper.xcdatamodel;
		};
/* End XCVersionGroup section */
	};
	rootObject = F38E520229C48FD200ACB05C /* Project object */;
}
